
Microsoft Visual Studio Solution File, Format Version 12.00
# Visual Studio Version 16
VisualStudioVersion = 16.0.31205.134
MinimumVisualStudioVersion = 10.0.40219.1
Project("{2150E333-8FDC-42A3-9474-1A3956D46DE8}") = "Capas", "Capas", "{771F473C-4682-4FD8-88F5-49C6D5D8D590}"
EndProject
Project("{2150E333-8FDC-42A3-9474-1A3956D46DE8}") = "1. Presentacion", "1. Presentacion", "{7F9D5D65-8A3F-4253-A9D5-9DD4DDE12621}"
EndProject
Project("{2150E333-8FDC-42A3-9474-1A3956D46DE8}") = "2. Aplicacion", "2. Aplicacion", "{6A019C30-CC7A-4C82-ACDC-C795EF62A333}"
EndProject
Project("{9A19103F-16F7-4668-BE54-9A1E7A4F7556}") = "Capa2_Aplicacion", "Capa2_Aplicacion\Capa2_Aplicacion.csproj", "{8FE2D21F-BC5F-4225-A4AC-A88273E2106C}"
EndProject
Project("{2150E333-8FDC-42A3-9474-1A3956D46DE8}") = "3. Dominio", "3. Dominio", "{66E80513-3A26-4260-ABD6-E1A9A04FAD36}"
EndProject
Project("{9A19103F-16F7-4668-BE54-9A1E7A4F7556}") = "Capa3_Dominio", "Capa3_Dominio\Capa3_Dominio.csproj", "{145FF371-2D34-4B9A-901C-445529496BEE}"
EndProject
Project("{2150E333-8FDC-42A3-9474-1A3956D46DE8}") = "4. Persistencia", "4. Persistencia", "{08CCE18D-1ED9-430E-80D3-8FEACC01CC22}"
EndProject
Project("{9A19103F-16F7-4668-BE54-9A1E7A4F7556}") = "Capa4_Persistencia", "Capa4_Persistencia\Capa4_Persistencia.csproj", "{BF163FB6-3A81-42A1-963B-518F744D23F2}"
EndProject
Project("{9A19103F-16F7-4668-BE54-9A1E7A4F7556}") = "Capa1_Presentacion", "Capa1_Presentacion\Capa1_Presentacion.csproj", "{C96DE44D-42B8-4619-A7CC-60C060C42CCA}"
EndProject
Project("{2150E333-8FDC-42A3-9474-1A3956D46DE8}") = "Pruebas", "Pruebas", "{9C2F9D1A-B27B-4CC2-B16D-82B9FA3196E6}"
EndProject
Project("{FAE04EC0-301F-11D3-BF4B-00C04F79EFBC}") = "NominaSoftTest", "NominaSoftTest\NominaSoftTest.csproj", "{7380DDBA-D77E-4AE8-9042-26B03B619853}"
EndProject
Global
	GlobalSection(SolutionConfigurationPlatforms) = preSolution
		Debug|Any CPU = Debug|Any CPU
		Release|Any CPU = Release|Any CPU
	EndGlobalSection
	GlobalSection(ProjectConfigurationPlatforms) = postSolution
		{8FE2D21F-BC5F-4225-A4AC-A88273E2106C}.Debug|Any CPU.ActiveCfg = Debug|Any CPU
		{8FE2D21F-BC5F-4225-A4AC-A88273E2106C}.Debug|Any CPU.Build.0 = Debug|Any CPU
		{8FE2D21F-BC5F-4225-A4AC-A88273E2106C}.Release|Any CPU.ActiveCfg = Release|Any CPU
		{8FE2D21F-BC5F-4225-A4AC-A88273E2106C}.Release|Any CPU.Build.0 = Release|Any CPU
		{145FF371-2D34-4B9A-901C-445529496BEE}.Debug|Any CPU.ActiveCfg = Debug|Any CPU
		{145FF371-2D34-4B9A-901C-445529496BEE}.Debug|Any CPU.Build.0 = Debug|Any CPU
		{145FF371-2D34-4B9A-901C-445529496BEE}.Release|Any CPU.ActiveCfg = Release|Any CPU
		{145FF371-2D34-4B9A-901C-445529496BEE}.Release|Any CPU.Build.0 = Release|Any CPU
		{BF163FB6-3A81-42A1-963B-518F744D23F2}.Debug|Any CPU.ActiveCfg = Debug|Any CPU
		{BF163FB6-3A81-42A1-963B-518F744D23F2}.Debug|Any CPU.Build.0 = Debug|Any CPU
		{BF163FB6-3A81-42A1-963B-518F744D23F2}.Release|Any CPU.ActiveCfg = Release|Any CPU
		{BF163FB6-3A81-42A1-963B-518F744D23F2}.Release|Any CPU.Build.0 = Release|Any CPU
		{C96DE44D-42B8-4619-A7CC-60C060C42CCA}.Debug|Any CPU.ActiveCfg = Debug|Any CPU
		{C96DE44D-42B8-4619-A7CC-60C060C42CCA}.Debug|Any CPU.Build.0 = Debug|Any CPU
		{C96DE44D-42B8-4619-A7CC-60C060C42CCA}.Release|Any CPU.ActiveCfg = Release|Any CPU
		{C96DE44D-42B8-4619-A7CC-60C060C42CCA}.Release|Any CPU.Build.0 = Release|Any CPU
		{7380DDBA-D77E-4AE8-9042-26B03B619853}.Debug|Any CPU.ActiveCfg = Debug|Any CPU
		{7380DDBA-D77E-4AE8-9042-26B03B619853}.Debug|Any CPU.Build.0 = Debug|Any CPU
		{7380DDBA-D77E-4AE8-9042-26B03B619853}.Release|Any CPU.ActiveCfg = Release|Any CPU
		{7380DDBA-D77E-4AE8-9042-26B03B619853}.Release|Any CPU.Build.0 = Release|Any CPU
	EndGlobalSection
	GlobalSection(SolutionProperties) = preSolution
		HideSolutionNode = FALSE
	EndGlobalSection
	GlobalSection(NestedProjects) = preSolution
		{7F9D5D65-8A3F-4253-A9D5-9DD4DDE12621} = {771F473C-4682-4FD8-88F5-49C6D5D8D590}
		{6A019C30-CC7A-4C82-ACDC-C795EF62A333} = {771F473C-4682-4FD8-88F5-49C6D5D8D590}
		{8FE2D21F-BC5F-4225-A4AC-A88273E2106C} = {6A019C30-CC7A-4C82-ACDC-C795EF62A333}
		{66E80513-3A26-4260-ABD6-E1A9A04FAD36} = {771F473C-4682-4FD8-88F5-49C6D5D8D590}
		{145FF371-2D34-4B9A-901C-445529496BEE} = {66E80513-3A26-4260-ABD6-E1A9A04FAD36}
		{08CCE18D-1ED9-430E-80D3-8FEACC01CC22} = {771F473C-4682-4FD8-88F5-49C6D5D8D590}
		{BF163FB6-3A81-42A1-963B-518F744D23F2} = {08CCE18D-1ED9-430E-80D3-8FEACC01CC22}
		{C96DE44D-42B8-4619-A7CC-60C060C42CCA} = {7F9D5D65-8A3F-4253-A9D5-9DD4DDE12621}
		{7380DDBA-D77E-4AE8-9042-26B03B619853} = {9C2F9D1A-B27B-4CC2-B16D-82B9FA3196E6}
	EndGlobalSection
	GlobalSection(ExtensibilityGlobals) = postSolution
		SolutionGuid = {CCA82B9D-E48E-4230-878A-23375D3C6C5E}
	EndGlobalSection
EndGlobal
